
Microsoft Visual Studio Solution File, Format Version 12.00
# Visual Studio Version 17
VisualStudioVersion = 17.8.34408.163
MinimumVisualStudioVersion = 10.0.40219.1
Project("{9A19103F-16F7-4668-BE54-9A1E7A4F7556}") = "AgendaPics.Web", "src\AgendaPics.Web\AgendaPics.Web.csproj", "{25B0B195-2D18-40C7-A57B-2375581B2A7C}"
EndProject
Project("{9A19103F-16F7-4668-BE54-9A1E7A4F7556}") = "AgendaPics.Domain", "src\AgendaPics.Domain\AgendaPics.Domain.csproj", "{A1B2C3D4-E5F6-7890-ABCD-EF1234567890}"
EndProject
Project("{9A19103F-16F7-4668-BE54-9A1E7A4F7556}") = "AgendaPics.Application", "src\AgendaPics.Application\AgendaPics.Application.csproj", "{B2C3D4E5-F6A7-8901-BCDE-F12345678901}"
EndProject
Project("{9A19103F-16F7-4668-BE54-9A1E7A4F7556}") = "AgendaPics.Infrastructure", "src\AgendaPics.Infrastructure\AgendaPics.Infrastructure.csproj", "{C3D4E5F6-A7B8-9012-CDEF-123456789012}"
EndProject
Project("{E53339B2-1760-4266-BCC7-CA923CBCF16C}") = "docker-compose", "docker-compose.dcproj", "{EBA700BF-AD7E-4E1D-94C8-7D25C053D75E}"
EndProject
Project("{2150E333-8FDC-42A3-9474-1A3956D46DE8}") = "src", "src", "{D4E5F6A7-B8C9-0123-DEF0-1234567890AB}"
EndProject
Global
	GlobalSection(SolutionConfigurationPlatforms) = preSolution
		Debug|Any CPU = Debug|Any CPU
		Release|Any CPU = Release|Any CPU
	EndGlobalSection
	GlobalSection(ProjectConfigurationPlatforms) = postSolution
		{25B0B195-2D18-40C7-A57B-2375581B2A7C}.Debug|Any CPU.ActiveCfg = Debug|Any CPU
		{25B0B195-2D18-40C7-A57B-2375581B2A7C}.Debug|Any CPU.Build.0 = Debug|Any CPU
		{25B0B195-2D18-40C7-A57B-2375581B2A7C}.Release|Any CPU.ActiveCfg = Release|Any CPU
		{25B0B195-2D18-40C7-A57B-2375581B2A7C}.Release|Any CPU.Build.0 = Release|Any CPU
		{A1B2C3D4-E5F6-7890-ABCD-EF1234567890}.Debug|Any CPU.ActiveCfg = Debug|Any CPU
		{A1B2C3D4-E5F6-7890-ABCD-EF1234567890}.Debug|Any CPU.Build.0 = Debug|Any CPU
		{A1B2C3D4-E5F6-7890-ABCD-EF1234567890}.Release|Any CPU.ActiveCfg = Release|Any CPU
		{A1B2C3D4-E5F6-7890-ABCD-EF1234567890}.Release|Any CPU.Build.0 = Release|Any CPU
		{B2C3D4E5-F6A7-8901-BCDE-F12345678901}.Debug|Any CPU.ActiveCfg = Debug|Any CPU
		{B2C3D4E5-F6A7-8901-BCDE-F12345678901}.Debug|Any CPU.Build.0 = Debug|Any CPU
		{B2C3D4E5-F6A7-8901-BCDE-F12345678901}.Release|Any CPU.ActiveCfg = Release|Any CPU
		{B2C3D4E5-F6A7-8901-BCDE-F12345678901}.Release|Any CPU.Build.0 = Release|Any CPU
		{C3D4E5F6-A7B8-9012-CDEF-123456789012}.Debug|Any CPU.ActiveCfg = Debug|Any CPU
		{C3D4E5F6-A7B8-9012-CDEF-123456789012}.Debug|Any CPU.Build.0 = Debug|Any CPU
		{C3D4E5F6-A7B8-9012-CDEF-123456789012}.Release|Any CPU.ActiveCfg = Release|Any CPU
		{C3D4E5F6-A7B8-9012-CDEF-123456789012}.Release|Any CPU.Build.0 = Release|Any CPU
		{EBA700BF-AD7E-4E1D-94C8-7D25C053D75E}.Debug|Any CPU.ActiveCfg = Debug|Any CPU
		{EBA700BF-AD7E-4E1D-94C8-7D25C053D75E}.Debug|Any CPU.Build.0 = Debug|Any CPU
		{EBA700BF-AD7E-4E1D-94C8-7D25C053D75E}.Release|Any CPU.ActiveCfg = Release|Any CPU
		{EBA700BF-AD7E-4E1D-94C8-7D25C053D75E}.Release|Any CPU.Build.0 = Release|Any CPU
	EndGlobalSection
	GlobalSection(SolutionProperties) = preSolution
		HideSolutionNode = FALSE
	EndGlobalSection
	GlobalSection(NestedProjects) = preSolution
		{25B0B195-2D18-40C7-A57B-2375581B2A7C} = {D4E5F6A7-B8C9-0123-DEF0-1234567890AB}
		{A1B2C3D4-E5F6-7890-ABCD-EF1234567890} = {D4E5F6A7-B8C9-0123-DEF0-1234567890AB}
		{B2C3D4E5-F6A7-8901-BCDE-F12345678901} = {D4E5F6A7-B8C9-0123-DEF0-1234567890AB}
		{C3D4E5F6-A7B8-9012-CDEF-123456789012} = {D4E5F6A7-B8C9-0123-DEF0-1234567890AB}
	EndGlobalSection
	GlobalSection(ExtensibilityGlobals) = postSolution
		SolutionGuid = {4E01385E-2EDE-4EDF-BD75-AE72AE7625B0}
	EndGlobalSection
EndGlobal
